// !$*UTF8*$!
{
	archiveVersion = 1;
	classes = {
	};
	objectVersion = 46;
	objects = {

/* Begin PBXBuildFile section */
		962AD0F91F0A82C400CEE4F8 /* AppDelegate.swift in Sources */ = {isa = PBXBuildFile; fileRef = 962AD0F81F0A82C400CEE4F8 /* AppDelegate.swift */; };
		962AD0FB1F0A82C400CEE4F8 /* ViewController.swift in Sources */ = {isa = PBXBuildFile; fileRef = 962AD0FA1F0A82C400CEE4F8 /* ViewController.swift */; };
		962AD0FE1F0A82C400CEE4F8 /* Main.storyboard in Resources */ = {isa = PBXBuildFile; fileRef = 962AD0FC1F0A82C400CEE4F8 /* Main.storyboard */; };
		962AD1001F0A82C400CEE4F8 /* Assets.xcassets in Resources */ = {isa = PBXBuildFile; fileRef = 962AD0FF1F0A82C400CEE4F8 /* Assets.xcassets */; };
		962AD1031F0A82C400CEE4F8 /* LaunchScreen.storyboard in Resources */ = {isa = PBXBuildFile; fileRef = 962AD1011F0A82C400CEE4F8 /* LaunchScreen.storyboard */; };
/* End PBXBuildFile section */

/* Begin PBXFileReference section */
		962AD0F51F0A82C400CEE4F8 /* favorite-movies-app.app */ = {isa = PBXFileReference; explicitFileType = wrapper.application; includeInIndex = 0; path = "favorite-movies-app.app"; sourceTree = BUILT_PRODUCTS_DIR; };
		962AD0F81F0A82C400CEE4F8 /* AppDelegate.swift */ = {isa = PBXFileReference; lastKnownFileType = sourcecode.swift; path = AppDelegate.swift; sourceTree = "<group>"; };
		962AD0FA1F0A82C400CEE4F8 /* ViewController.swift */ = {isa = PBXFileReference; lastKnownFileType = sourcecode.swift; path = ViewController.swift; sourceTree = "<group>"; };
		962AD0FD1F0A82C400CEE4F8 /* Base */ = {isa = PBXFileReference; lastKnownFileType = file.storyboard; name = Base; path = Base.lproj/Main.storyboard; sourceTree = "<group>"; };
		962AD0FF1F0A82C400CEE4F8 /* Assets.xcassets */ = {isa = PBXFileReference; lastKnownFileType = folder.assetcatalog; path = Assets.xcassets; sourceTree = "<group>"; };
		962AD1021F0A82C400CEE4F8 /* Base */ = {isa = PBXFileReference; lastKnownFileType = file.storyboard; name = Base; path = Base.lproj/LaunchScreen.storyboard; sourceTree = "<group>"; };
		962AD1041F0A82C400CEE4F8 /* Info.plist */ = {isa = PBXFileReference; lastKnownFileType = text.plist.xml; path = Info.plist; sourceTree = "<group>"; };
/* End PBXFileReference section */

/* Begin PBXFrameworksBuildPhase section */
		962AD0F21F0A82C400CEE4F8 /* Frameworks */ = {
			isa = PBXFrameworksBuildPhase;
			buildActionMask = 2147483647;
			files = (
			);
			runOnlyForDeploymentPostprocessing = 0;
		};
/* End PBXFrameworksBuildPhase section */

/* Begin PBXGroup section */
		962AD0EC1F0A82C300CEE4F8 = {
			isa = PBXGroup;
			children = (
				962AD0F71F0A82C400CEE4F8 /* favorite-movies-app */,
				962AD0F61F0A82C400CEE4F8 /* Products */,
			);
			sourceTree = "<group>";
		};
		962AD0F61F0A82C400CEE4F8 /* Products */ = {
			isa = PBXGroup;
			children = (
				962AD0F51F0A82C400CEE4F8 /* favorite-movies-app.app */,
			);
			name = Products;
			sourceTree = "<group>";
		};
		962AD0F71F0A82C400CEE4F8 /* favorite-movies-app */ = {
			isa = PBXGroup;
			children = (
				962AD0F81F0A82C400CEE4F8 /* AppDelegate.swift */,
				962AD0FA1F0A82C400CEE4F8 /* ViewController.swift */,
				962AD0FC1F0A82C400CEE4F8 /* Main.storyboard */,
				962AD0FF1F0A82C400CEE4F8 /* Assets.xcassets */,
				962AD1011F0A82C400CEE4F8 /* LaunchScreen.storyboard */,
				962AD1041F0A82C400CEE4F8 /* Info.plist */,
			);
			path = "favorite-movies-app";
			sourceTree = "<group>";
		};
/* End PBXGroup section */

/* Begin PBXNativeTarget section */
		962AD0F41F0A82C400CEE4F8 /* favorite-movies-app */ = {
			isa = PBXNativeTarget;
			buildConfigurationList = 962AD1071F0A82C400CEE4F8 /* Build configuration list for PBXNativeTarget "favorite-movies-app" */;
			buildPhases = (
				962AD0F11F0A82C400CEE4F8 /* Sources */,
				962AD0F21F0A82C400CEE4F8 /* Frameworks */,
				962AD0F31F0A82C400CEE4F8 /* Resources */,
			);
			buildRules = (
			);
			dependencies = (
			);
			name = "favorite-movies-app";
			productName = "favorite-movies-app";
			productReference = 962AD0F51F0A82C400CEE4F8 /* favorite-movies-app.app */;
			productType = "com.apple.product-type.application";
		};
/* End PBXNativeTarget section */

/* Begin PBXProject section */
		962AD0ED1F0A82C300CEE4F8 /* Project object */ = {
			isa = PBXProject;
			attributes = {
				LastSwiftUpdateCheck = 0830;
				LastUpgradeCheck = 0830;
				ORGANIZATIONNAME = "Sid Ngeth";
				TargetAttributes = {
					962AD0F41F0A82C400CEE4F8 = {
						CreatedOnToolsVersion = 8.3.3;
						ProvisioningStyle = Automatic;
					};
				};
			};
			buildConfigurationList = 962AD0F01F0A82C300CEE4F8 /* Build configuration list for PBXProject "favorite-movies-app" */;
			compatibilityVersion = "Xcode 3.2";
			developmentRegion = English;
			hasScannedForEncodings = 0;
			knownRegions = (
				en,
				Base,
			);
			mainGroup = 962AD0EC1F0A82C300CEE4F8;
			productRefGroup = 962AD0F61F0A82C400CEE4F8 /* Products */;
			projectDirPath = "";
			projectRoot = "";
			targets = (
				962AD0F41F0A82C400CEE4F8 /* favorite-movies-app */,
			);
		};
/* End PBXProject section */

/* Begin PBXResourcesBuildPhase section */
		962AD0F31F0A82C400CEE4F8 /* Resources */ = {
			isa = PBXResourcesBuildPhase;
			buildActionMask = 2147483647;
			files = (
				962AD1031F0A82C400CEE4F8 /* LaunchScreen.storyboard in Resources */,
				962AD1001F0A82C400CEE4F8 /* Assets.xcassets in Resources */,
				962AD0FE1F0A82C400CEE4F8 /* Main.storyboard in Resources */,
			);
			runOnlyForDeploymentPostprocessing = 0;
		};
/* End PBXResourcesBuildPhase section */

/* Begin PBXSourcesBuildPhase section */
		962AD0F11F0A82C400CEE4F8 /* Sources */ = {
			isa = PBXSourcesBuildPhase;
			buildActionMask = 2147483647;
			files = (
				962AD0FB1F0A82C400CEE4F8 /* ViewController.swift in Sources */,
				962AD0F91F0A82C400CEE4F8 /* AppDelegate.swift in Sources */,
			);
			runOnlyForDeploymentPostprocessing = 0;
		};
/* End PBXSourcesBuildPhase section */

/* Begin PBXVariantGroup section */
		962AD0FC1F0A82C400CEE4F8 /* Main.storyboard */ = {
			isa = PBXVariantGroup;
			children = (
				962AD0FD1F0A82C400CEE4F8 /* Base */,
			);
			name = Main.storyboard;
			sourceTree = "<group>";
		};
		962AD1011F0A82C400CEE4F8 /* LaunchScreen.storyboard */ = {
			isa = PBXVariantGroup;
			children = (
				962AD1021F0A82C400CEE4F8 /* Base */,
			);
			name = LaunchScreen.storyboard;
			sourceTree = "<group>";
		};
/* End PBXVariantGroup section */

/* Begin XCBuildConfiguration section */
		962AD1051F0A82C400CEE4F8 /* Debug */ = {
			isa = XCBuildConfiguration;
			buildSettings = {
				ALWAYS_SEARCH_USER_PATHS = NO;
				CLANG_ANALYZER_NONNULL = YES;
				CLANG_ANALYZER_NUMBER_OBJECT_CONVERSION = YES_AGGRESSIVE;
				CLANG_CXX_LANGUAGE_STANDARD = "gnu++0x";
				CLANG_CXX_LIBRARY = "libc++";
				CLANG_ENABLE_MODULES = YES;
				CLANG_ENABLE_OBJC_ARC = YES;
				CLANG_WARN_BOOL_CONVERSION = YES;
				CLANG_WARN_CONSTANT_CONVERSION = YES;
				CLANG_WARN_DIRECT_OBJC_ISA_USAGE = YES_ERROR;
				CLANG_WARN_DOCUMENTATION_COMMENTS = YES;
				CLANG_WARN_EMPTY_BODY = YES;
				CLANG_WARN_ENUM_CONVERSION = YES;
				CLANG_WARN_INFINITE_RECURSION = YES;
				CLANG_WARN_INT_CONVERSION = YES;
				CLANG_WARN_OBJC_ROOT_CLASS = YES_ERROR;
				CLANG_WARN_SUSPICIOUS_MOVE = YES;
				CLANG_WARN_UNREACHABLE_CODE = YES;
				CLANG_WARN__DUPLICATE_METHOD_MATCH = YES;
				"CODE_SIGN_IDENTITY[sdk=iphoneos*]" = "iPhone Developer";
				COPY_PHASE_STRIP = NO;
				DEBUG_INFORMATION_FORMAT = dwarf;
				ENABLE_STRICT_OBJC_MSGSEND = YES;
				ENABLE_TESTABILITY = YES;
				GCC_C_LANGUAGE_STANDARD = gnu99;
				GCC_DYNAMIC_NO_PIC = NO;
				GCC_NO_COMMON_BLOCKS = YES;
				GCC_OPTIMIZATION_LEVEL = 0;
				GCC_PREPROCESSOR_DEFINITIONS = (
					"DEBUG=1",
					"$(inherited)",
				);
				GCC_WARN_64_TO_32_BIT_CONVERSION = YES;
				GCC_WARN_ABOUT_RETURN_TYPE = YES_ERROR;
				GCC_WARN_UNDECLARED_SELECTOR = YES;
				GCC_WARN_UNINITIALIZED_AUTOS = YES_AGGRESSIVE;
				GCC_WARN_UNUSED_FUNCTION = YES;
				GCC_WARN_UNUSED_VARIABLE = YES;
				IPHONEOS_DEPLOYMENT_TARGET = 10.3;
				MTL_ENABLE_DEBUG_INFO = YES;
				ONLY_ACTIVE_ARCH = YES;
				SDKROOT = iphoneos;
				SWIFT_ACTIVE_COMPILATION_CONDITIONS = DEBUG;
				SWIFT_OPTIMIZATION_LEVEL = "-Onone";
			};
			name = Debug;
		};
		962AD1061F0A82C400CEE4F8 /* Release */ = {
			isa = XCBuildConfiguration;
			buildSettings = {
				ALWAYS_SEARCH_USER_PATHS = NO;
				CLANG_ANALYZER_NONNULL = YES;
				CLANG_ANALYZER_NUMBER_OBJECT_CONVERSION = YES_AGGRESSIVE;
				CLANG_CXX_LANGUAGE_STANDARD = "gnu++0x";
				CLANG_CXX_LIBRARY = "libc++";
				CLANG_ENABLE_MODULES = YES;
				CLANG_ENABLE_OBJC_ARC = YES;
				CLANG_WARN_BOOL_CONVERSION = YES;
				CLANG_WARN_CONSTANT_CONVERSION = YES;
				CLANG_WARN_DIRECT_OBJC_ISA_USAGE = YES_ERROR;
				CLANG_WARN_DOCUMENTATION_COMMENTS = YES;
				CLANG_WARN_EMPTY_BODY = YES;
				CLANG_WARN_ENUM_CONVERSION = YES;
				CLANG_WARN_INFINITE_RECURSION = YES;
				CLANG_WARN_INT_CONVERSION = YES;
				CLANG_WARN_OBJC_ROOT_CLASS = YES_ERROR;
				CLANG_WARN_SUSPICIOUS_MOVE = YES;
				CLANG_WARN_UNREACHABLE_CODE = YES;
				CLANG_WARN__DUPLICATE_METHOD_MATCH = YES;
				"CODE_SIGN_IDENTITY[sdk=iphoneos*]" = "iPhone Developer";
				COPY_PHASE_STRIP = NO;
				DEBUG_INFORMATION_FORMAT = "dwarf-with-dsym";
				ENABLE_NS_ASSERTIONS = NO;
				ENABLE_STRICT_OBJC_MSGSEND = YES;
				GCC_C_LANGUAGE_STANDARD = gnu99;
				GCC_NO_COMMON_BLOCKS = YES;
				GCC_WARN_64_TO_32_BIT_CONVERSION = YES;
				GCC_WARN_ABOUT_RETURN_TYPE = YES_ERROR;
				GCC_WARN_UNDECLARED_SELECTOR = YES;
				GCC_WARN_UNINITIALIZED_AUTOS = YES_AGGRESSIVE;
				GCC_WARN_UNUSED_FUNCTION = YES;
				GCC_WARN_UNUSED_VARIABLE = YES;
				IPHONEOS_DEPLOYMENT_TARGET = 10.3;
				MTL_ENABLE_DEBUG_INFO = NO;
				SDKROOT = iphoneos;
				SWIFT_OPTIMIZATION_LEVEL = "-Owholemodule";
				VALIDATE_PRODUCT = YES;
			};
			name = Release;
		};
		962AD1081F0A82C400CEE4F8 /* Debug */ = {
			isa = XCBuildConfiguration;
			buildSettings = {
				ASSETCATALOG_COMPILER_APPICON_NAME = AppIcon;
				INFOPLIST_FILE = "favorite-movies-app/Info.plist";
				LD_RUNPATH_SEARCH_PATHS = "$(inherited) @executable_path/Frameworks";
				PRODUCT_BUNDLE_IDENTIFIER = "sn.favorite-movies-app";
				PRODUCT_NAME = "$(TARGET_NAME)";
				SWIFT_VERSION = 3.0;
			};
			name = Debug;
		};
		962AD1091F0A82C400CEE4F8 /* Release */ = {
			isa = XCBuildConfiguration;
			buildSettings = {
				ASSETCATALOG_COMPILER_APPICON_NAME = AppIcon;
				INFOPLIST_FILE = "favorite-movies-app/Info.plist";
				LD_RUNPATH_SEARCH_PATHS = "$(inherited) @executable_path/Frameworks";
				PRODUCT_BUNDLE_IDENTIFIER = "sn.favorite-movies-app";
				PRODUCT_NAME = "$(TARGET_NAME)";
				SWIFT_VERSION = 3.0;
			};
			name = Release;
		};
/* End XCBuildConfiguration section */

/* Begin XCConfigurationList section */
		962AD0F01F0A82C300CEE4F8 /* Build configuration list for PBXProject "favorite-movies-app" */ = {
			isa = XCConfigurationList;
			buildConfigurations = (
				962AD1051F0A82C400CEE4F8 /* Debug */,
				962AD1061F0A82C400CEE4F8 /* Release */,
			);
			defaultConfigurationIsVisible = 0;
			defaultConfigurationName = Release;
		};
		962AD1071F0A82C400CEE4F8 /* Build configuration list for PBXNativeTarget "favorite-movies-app" */ = {
			isa = XCConfigurationList;
			buildConfigurations = (
				962AD1081F0A82C400CEE4F8 /* Debug */,
				962AD1091F0A82C400CEE4F8 /* Release */,
			);
			defaultConfigurationIsVisible = 0;
		};
/* End XCConfigurationList section */
	};
	rootObject = 962AD0ED1F0A82C300CEE4F8 /* Project object */;
}
